
Microsoft Visual Studio Solution File, Format Version 12.00
# Visual Studio Version 16
VisualStudioVersion = 16.0.30907.101
MinimumVisualStudioVersion = 10.0.40219.1
Project("{FAE04EC0-301F-11D3-BF4B-00C04F79EFBC}") = "WebbedsTest", "WebbedsTest\WebbedsTest.csproj", "{AF9D699C-5401-407F-8265-F3174A1CDB2B}"
EndProject
Project("{FAE04EC0-301F-11D3-BF4B-00C04F79EFBC}") = "WebbedsTest.Services", "WebbedsTest.Services\WebbedsTest.Services.csproj", "{AC3E000E-4F64-4A25-9A1D-AE554AE616E3}"
EndProject
Project("{FAE04EC0-301F-11D3-BF4B-00C04F79EFBC}") = "WebbedsTest.Models", "WebbedsTest.Models\WebbedsTest.Models.csproj", "{324A8BC0-441A-461C-AF84-509BB83DDDA2}"
EndProject
Global
	GlobalSection(SolutionConfigurationPlatforms) = preSolution
		Debug|Any CPU = Debug|Any CPU
		Release|Any CPU = Release|Any CPU
	EndGlobalSection
	GlobalSection(ProjectConfigurationPlatforms) = postSolution
		{AF9D699C-5401-407F-8265-F3174A1CDB2B}.Debug|Any CPU.ActiveCfg = Debug|Any CPU
		{AF9D699C-5401-407F-8265-F3174A1CDB2B}.Debug|Any CPU.Build.0 = Debug|Any CPU
		{AF9D699C-5401-407F-8265-F3174A1CDB2B}.Release|Any CPU.ActiveCfg = Release|Any CPU
		{AF9D699C-5401-407F-8265-F3174A1CDB2B}.Release|Any CPU.Build.0 = Release|Any CPU
		{AC3E000E-4F64-4A25-9A1D-AE554AE616E3}.Debug|Any CPU.ActiveCfg = Debug|Any CPU
		{AC3E000E-4F64-4A25-9A1D-AE554AE616E3}.Debug|Any CPU.Build.0 = Debug|Any CPU
		{AC3E000E-4F64-4A25-9A1D-AE554AE616E3}.Release|Any CPU.ActiveCfg = Release|Any CPU
		{AC3E000E-4F64-4A25-9A1D-AE554AE616E3}.Release|Any CPU.Build.0 = Release|Any CPU
		{324A8BC0-441A-461C-AF84-509BB83DDDA2}.Debug|Any CPU.ActiveCfg = Debug|Any CPU
		{324A8BC0-441A-461C-AF84-509BB83DDDA2}.Debug|Any CPU.Build.0 = Debug|Any CPU
		{324A8BC0-441A-461C-AF84-509BB83DDDA2}.Release|Any CPU.ActiveCfg = Release|Any CPU
		{324A8BC0-441A-461C-AF84-509BB83DDDA2}.Release|Any CPU.Build.0 = Release|Any CPU
	EndGlobalSection
	GlobalSection(SolutionProperties) = preSolution
		HideSolutionNode = FALSE
	EndGlobalSection
	GlobalSection(ExtensibilityGlobals) = postSolution
		SolutionGuid = {701DB531-D68B-49AB-801C-8D99AA7B3DA6}
	EndGlobalSection
EndGlobal
